
Microsoft Visual Studio Solution File, Format Version 12.00
# Visual Studio Version 17
VisualStudioVersion = 17.5.33530.505
MinimumVisualStudioVersion = 10.0.40219.1
Project("{FAE04EC0-301F-11D3-BF4B-00C04F79EFBC}") = "SimpleSalesApplication", "SimpleSalesApplication\SimpleSalesApplication.csproj", "{F28E0900-1DD4-476F-886B-21A689035F9B}"
EndProject
Global
	GlobalSection(SolutionConfigurationPlatforms) = preSolution
		Debug|Any CPU = Debug|Any CPU
		Release|Any CPU = Release|Any CPU
	EndGlobalSection
	GlobalSection(ProjectConfigurationPlatforms) = postSolution
		{F28E0900-1DD4-476F-886B-21A689035F9B}.Debug|Any CPU.ActiveCfg = Debug|Any CPU
		{F28E0900-1DD4-476F-886B-21A689035F9B}.Debug|Any CPU.Build.0 = Debug|Any CPU
		{F28E0900-1DD4-476F-886B-21A689035F9B}.Release|Any CPU.ActiveCfg = Release|Any CPU
		{F28E0900-1DD4-476F-886B-21A689035F9B}.Release|Any CPU.Build.0 = Release|Any CPU
	EndGlobalSection
	GlobalSection(SolutionProperties) = preSolution
		HideSolutionNode = FALSE
	EndGlobalSection
	GlobalSection(ExtensibilityGlobals) = postSolution
		SolutionGuid = {05B605EC-8779-400E-95E8-9EF154BC285F}
	EndGlobalSection
EndGlobal
